<?xml version="1.0" encoding="UTF-8" standalone="yes" ?>
<CodeBlocks_project_file>
	<FileVersion major="1" minor="6" />
	<Project>
		<Option title="sdl_turtorial" />
		<Option pch_mode="2" />
		<Option compiler="gcc" />
		<Build>
			<Target title="Debug">
				<Option output="bin/Debug/sdl_turtorial" prefix_auto="1" extension_auto="1" />
				<Option object_output="obj/Debug/" />
				<Option type="1" />
				<Option compiler="gcc" />
				<Compiler>
					<Add option="-g" />
				</Compiler>
				<Linker>
					<Add option="-lSDL2_image" />
					<Add library="SDL2_image" />
				</Linker>
			</Target>
			<Target title="Release">
				<Option output="bin/Release/sdl_turtorial" prefix_auto="1" extension_auto="1" />
				<Option object_output="obj/Release/" />
				<Option type="1" />
				<Option compiler="gcc" />
				<Compiler>
					<Add option="-O2" />
				</Compiler>
				<Linker>
					<Add option="-s" />
				</Linker>
			</Target>
		</Build>
		<Compiler>
			<Add option="-Wall" />
			<Add option="-std=c++11" />
			<Add directory="C:/Development/SDL2-2.0.14/i686-w64-mingw32/include" />
			<Add directory="C:/Development/x86_64-w64-mingw32_SDL2_image/include/SDL2" />
			<Add directory="C:/Development/i686-w64-mingw32_SDL2_image/include/SDL2" />
		</Compiler>
		<Linker>
			<Add option="-lSDL2_image -lmingw32 -lSDL2main -lSDL2" />
			<Add directory="C:/Development/SDL2-2.0.14/i686-w64-mingw32/lib" />
			<Add directory="C:/Development/x86_64-w64-mingw32_SDL2_image/lib" />
			<Add directory="C:/Development/i686-w64-mingw32_SDL2_image/lib" />
		</Linker>
		<Unit filename="../include/Components.h" />
		<Unit filename="../include/ECS.h" />
		<Unit filename="../include/GameObject.h" />
		<Unit filename="../include/KBController.h" />
		<Unit filename="../include/Map.h" />
		<Unit filename="../include/SpriteComponent.h" />
		<Unit filename="../include/TextureManager.hpp" />
		<Unit filename="../include/TransformComponent.h" />
		<Unit filename="../include/Vector2D.h" />
		<Unit filename="../include/game.hpp" />
		<Unit filename="Game.cpp" />
		<Unit filename="GameObject.cpp" />
		<Unit filename="Map.cpp" />
		<Unit filename="TextureManager.cpp" />
		<Unit filename="assest_img/big_demon_idle_anim_f0.png" />
		<Unit filename="assest_img/big_demon_idle_anim_f1.png" />
		<Unit filename="assest_img/big_demon_idle_anim_f2.png" />
		<Unit filename="assest_img/big_demon_idle_anim_f3.png" />
		<Unit filename="assest_img/big_demon_run_anim_f0.png" />
		<Unit filename="assest_img/big_demon_run_anim_f1.png" />
		<Unit filename="assest_img/big_demon_run_anim_f2.png" />
		<Unit filename="assest_img/big_demon_run_anim_f3.png" />
		<Unit filename="assest_img/big_zombie_idle_anim_f0.png" />
		<Unit filename="assest_img/big_zombie_idle_anim_f1.png" />
		<Unit filename="assest_img/big_zombie_idle_anim_f2.png" />
		<Unit filename="assest_img/big_zombie_idle_anim_f3.png" />
		<Unit filename="assest_img/big_zombie_run_anim_f0.png" />
		<Unit filename="assest_img/big_zombie_run_anim_f1.png" />
		<Unit filename="assest_img/big_zombie_run_anim_f2.png" />
		<Unit filename="assest_img/big_zombie_run_anim_f3.png" />
		<Unit filename="assest_img/chest_empty_open_anim_f0.png" />
		<Unit filename="assest_img/chest_empty_open_anim_f1.png" />
		<Unit filename="assest_img/chest_empty_open_anim_f2.png" />
		<Unit filename="assest_img/chest_full_open_anim_f0.png" />
		<Unit filename="assest_img/chest_full_open_anim_f1.png" />
		<Unit filename="assest_img/chest_full_open_anim_f2.png" />
		<Unit filename="assest_img/chest_mimic_open_anim_f0.png" />
		<Unit filename="assest_img/chest_mimic_open_anim_f1.png" />
		<Unit filename="assest_img/chest_mimic_open_anim_f2.png" />
		<Unit filename="assest_img/chort_idle_anim_f0.png" />
		<Unit filename="assest_img/chort_idle_anim_f1.png" />
		<Unit filename="assest_img/chort_idle_anim_f2.png" />
		<Unit filename="assest_img/chort_idle_anim_f3.png" />
		<Unit filename="assest_img/chort_run_anim_f0.png" />
		<Unit filename="assest_img/chort_run_anim_f1.png" />
		<Unit filename="assest_img/chort_run_anim_f2.png" />
		<Unit filename="assest_img/chort_run_anim_f3.png" />
		<Unit filename="assest_img/coin_anim_f0.png" />
		<Unit filename="assest_img/coin_anim_f1.png" />
		<Unit filename="assest_img/coin_anim_f2.png" />
		<Unit filename="assest_img/coin_anim_f3.png" />
		<Unit filename="assest_img/column_mid.png" />
		<Unit filename="assest_img/column_top.png" />
		<Unit filename="assest_img/coulmn_base.png" />
		<Unit filename="assest_img/crate.png" />
		<Unit filename="assest_img/doors_all.png" />
		<Unit filename="assest_img/doors_frame_left.png" />
		<Unit filename="assest_img/doors_frame_righ.png" />
		<Unit filename="assest_img/doors_frame_top.png" />
		<Unit filename="assest_img/doors_leaf_closed.png" />
		<Unit filename="assest_img/doors_leaf_open.png" />
		<Unit filename="assest_img/edge.png" />
		<Unit filename="assest_img/elf_f_hit_anim_f0.png" />
		<Unit filename="assest_img/elf_f_idle_anim_f0.png" />
		<Unit filename="assest_img/elf_f_idle_anim_f1.png" />
		<Unit filename="assest_img/elf_f_idle_anim_f2.png" />
		<Unit filename="assest_img/elf_f_idle_anim_f3.png" />
		<Unit filename="assest_img/elf_f_run_anim_f0.png" />
		<Unit filename="assest_img/elf_f_run_anim_f1.png" />
		<Unit filename="assest_img/elf_f_run_anim_f2.png" />
		<Unit filename="assest_img/elf_f_run_anim_f3.png" />
		<Unit filename="assest_img/elf_m_hit_anim_f0.png" />
		<Unit filename="assest_img/elf_m_idle_anim_f0.png" />
		<Unit filename="assest_img/elf_m_idle_anim_f1.png" />
		<Unit filename="assest_img/elf_m_idle_anim_f2.png" />
		<Unit filename="assest_img/elf_m_idle_anim_f3.png" />
		<Unit filename="assest_img/elf_m_run_anim_f0.png" />
		<Unit filename="assest_img/elf_m_run_anim_f1.png" />
		<Unit filename="assest_img/elf_m_run_anim_f2.png" />
		<Unit filename="assest_img/elf_m_run_anim_f3.png" />
		<Unit filename="assest_img/flask_big_blue.png" />
		<Unit filename="assest_img/flask_big_green.png" />
		<Unit filename="assest_img/flask_big_red.png" />
		<Unit filename="assest_img/flask_big_yellow.png" />
		<Unit filename="assest_img/flask_blue.png" />
		<Unit filename="assest_img/flask_green.png" />
		<Unit filename="assest_img/flask_red.png" />
		<Unit filename="assest_img/flask_yellow.png" />
		<Unit filename="assest_img/floor_1.png" />
		<Unit filename="assest_img/floor_2.png" />
		<Unit filename="assest_img/floor_3.png" />
		<Unit filename="assest_img/floor_4.png" />
		<Unit filename="assest_img/floor_5.png" />
		<Unit filename="assest_img/floor_6.png" />
		<Unit filename="assest_img/floor_7.png" />
		<Unit filename="assest_img/floor_8.png" />
		<Unit filename="assest_img/floor_ladder.png" />
		<Unit filename="assest_img/floor_spikes_anim_f0.png" />
		<Unit filename="assest_img/floor_spikes_anim_f1.png" />
		<Unit filename="assest_img/floor_spikes_anim_f2.png" />
		<Unit filename="assest_img/floor_spikes_anim_f3.png" />
		<Unit filename="assest_img/goblin_idle_anim_f0.png" />
		<Unit filename="assest_img/goblin_idle_anim_f1.png" />
		<Unit filename="assest_img/goblin_idle_anim_f2.png" />
		<Unit filename="assest_img/goblin_idle_anim_f3.png" />
		<Unit filename="assest_img/goblin_run_anim_f0.png" />
		<Unit filename="assest_img/goblin_run_anim_f1.png" />
		<Unit filename="assest_img/goblin_run_anim_f2.png" />
		<Unit filename="assest_img/goblin_run_anim_f3.png" />
		<Unit filename="assest_img/hole.png" />
		<Unit filename="assest_img/ice_zombie_idle_anim_f0.png" />
		<Unit filename="assest_img/ice_zombie_idle_anim_f1.png" />
		<Unit filename="assest_img/ice_zombie_idle_anim_f2.png" />
		<Unit filename="assest_img/ice_zombie_idle_anim_f3.png" />
		<Unit filename="assest_img/ice_zombie_run_anim_f0.png" />
		<Unit filename="assest_img/ice_zombie_run_anim_f1.png" />
		<Unit filename="assest_img/ice_zombie_run_anim_f2.png" />
		<Unit filename="assest_img/ice_zombie_run_anim_f3.png" />
		<Unit filename="assest_img/imp_idle_anim_f0.png" />
		<Unit filename="assest_img/imp_idle_anim_f1.png" />
		<Unit filename="assest_img/imp_idle_anim_f2.png" />
		<Unit filename="assest_img/imp_idle_anim_f3.png" />
		<Unit filename="assest_img/imp_run_anim_f0.png" />
		<Unit filename="assest_img/imp_run_anim_f1.png" />
		<Unit filename="assest_img/imp_run_anim_f2.png" />
		<Unit filename="assest_img/imp_run_anim_f3.png" />
		<Unit filename="assest_img/knight_f_hit_anim_f0.png" />
		<Unit filename="assest_img/knight_f_idle_anim_f0.png" />
		<Unit filename="assest_img/knight_f_idle_anim_f1.png" />
		<Unit filename="assest_img/knight_f_idle_anim_f2.png" />
		<Unit filename="assest_img/knight_f_idle_anim_f3.png" />
		<Unit filename="assest_img/knight_f_run_anim_f0.png" />
		<Unit filename="assest_img/knight_f_run_anim_f1.png" />
		<Unit filename="assest_img/knight_f_run_anim_f2.png" />
		<Unit filename="assest_img/knight_f_run_anim_f3.png" />
		<Unit filename="assest_img/knight_m_hit_anim_f0.png" />
		<Unit filename="assest_img/knight_m_idle_anim_f0.png" />
		<Unit filename="assest_img/knight_m_idle_anim_f1.png" />
		<Unit filename="assest_img/knight_m_idle_anim_f2.png" />
		<Unit filename="assest_img/knight_m_idle_anim_f3.png" />
		<Unit filename="assest_img/knight_m_run_anim_f0.png" />
		<Unit filename="assest_img/knight_m_run_anim_f1.png" />
		<Unit filename="assest_img/knight_m_run_anim_f2.png" />
		<Unit filename="assest_img/knight_m_run_anim_f3.png" />
		<Unit filename="assest_img/lizard_f_hit_anim_f0.png" />
		<Unit filename="assest_img/lizard_f_idle_anim_f0.png" />
		<Unit filename="assest_img/lizard_f_idle_anim_f1.png" />
		<Unit filename="assest_img/lizard_f_idle_anim_f2.png" />
		<Unit filename="assest_img/lizard_f_idle_anim_f3.png" />
		<Unit filename="assest_img/lizard_f_run_anim_f0.png" />
		<Unit filename="assest_img/lizard_f_run_anim_f1.png" />
		<Unit filename="assest_img/lizard_f_run_anim_f2.png" />
		<Unit filename="assest_img/lizard_f_run_anim_f3.png" />
		<Unit filename="assest_img/lizard_m_hit_anim_f0.png" />
		<Unit filename="assest_img/lizard_m_idle_anim_f0.png" />
		<Unit filename="assest_img/lizard_m_idle_anim_f1.png" />
		<Unit filename="assest_img/lizard_m_idle_anim_f2.png" />
		<Unit filename="assest_img/lizard_m_idle_anim_f3.png" />
		<Unit filename="assest_img/lizard_m_run_anim_f0.png" />
		<Unit filename="assest_img/lizard_m_run_anim_f1.png" />
		<Unit filename="assest_img/lizard_m_run_anim_f2.png" />
		<Unit filename="assest_img/lizard_m_run_anim_f3.png" />
		<Unit filename="assest_img/masked_orc_idle_anim_f0.png" />
		<Unit filename="assest_img/masked_orc_idle_anim_f1.png" />
		<Unit filename="assest_img/masked_orc_idle_anim_f2.png" />
		<Unit filename="assest_img/masked_orc_idle_anim_f3.png" />
		<Unit filename="assest_img/masked_orc_run_anim_f0.png" />
		<Unit filename="assest_img/masked_orc_run_anim_f1.png" />
		<Unit filename="assest_img/masked_orc_run_anim_f2.png" />
		<Unit filename="assest_img/masked_orc_run_anim_f3.png" />
		<Unit filename="assest_img/muddy_idle_anim_f0.png" />
		<Unit filename="assest_img/muddy_idle_anim_f1.png" />
		<Unit filename="assest_img/muddy_idle_anim_f2.png" />
		<Unit filename="assest_img/muddy_idle_anim_f3.png" />
		<Unit filename="assest_img/muddy_run_anim_f0.png" />
		<Unit filename="assest_img/muddy_run_anim_f1.png" />
		<Unit filename="assest_img/muddy_run_anim_f2.png" />
		<Unit filename="assest_img/muddy_run_anim_f3.png" />
		<Unit filename="assest_img/necromancer_idle_anim_f0.png" />
		<Unit filename="assest_img/necromancer_idle_anim_f1.png" />
		<Unit filename="assest_img/necromancer_idle_anim_f2.png" />
		<Unit filename="assest_img/necromancer_idle_anim_f3.png" />
		<Unit filename="assest_img/necromancer_run_anim_f0.png" />
		<Unit filename="assest_img/necromancer_run_anim_f1.png" />
		<Unit filename="assest_img/necromancer_run_anim_f2.png" />
		<Unit filename="assest_img/necromancer_run_anim_f3.png" />
		<Unit filename="assest_img/ogre_idle_anim_f0.png" />
		<Unit filename="assest_img/ogre_idle_anim_f1.png" />
		<Unit filename="assest_img/ogre_idle_anim_f2.png" />
		<Unit filename="assest_img/ogre_idle_anim_f3.png" />
		<Unit filename="assest_img/ogre_run_anim_f0.png" />
		<Unit filename="assest_img/ogre_run_anim_f1.png" />
		<Unit filename="assest_img/ogre_run_anim_f2.png" />
		<Unit filename="assest_img/ogre_run_anim_f3.png" />
		<Unit filename="assest_img/orc_shaman_idle_anim_f0.png" />
		<Unit filename="assest_img/orc_shaman_idle_anim_f1.png" />
		<Unit filename="assest_img/orc_shaman_idle_anim_f2.png" />
		<Unit filename="assest_img/orc_shaman_idle_anim_f3.png" />
		<Unit filename="assest_img/orc_shaman_run_anim_f0.png" />
		<Unit filename="assest_img/orc_shaman_run_anim_f1.png" />
		<Unit filename="assest_img/orc_shaman_run_anim_f2.png" />
		<Unit filename="assest_img/orc_shaman_run_anim_f3.png" />
		<Unit filename="assest_img/orc_warrior_idle_anim_f0.png" />
		<Unit filename="assest_img/orc_warrior_idle_anim_f1.png" />
		<Unit filename="assest_img/orc_warrior_idle_anim_f2.png" />
		<Unit filename="assest_img/orc_warrior_idle_anim_f3.png" />
		<Unit filename="assest_img/orc_warrior_run_anim_f0.png" />
		<Unit filename="assest_img/orc_warrior_run_anim_f1.png" />
		<Unit filename="assest_img/orc_warrior_run_anim_f2.png" />
		<Unit filename="assest_img/orc_warrior_run_anim_f3.png" />
		<Unit filename="assest_img/skelet_idle_anim_f0.png" />
		<Unit filename="assest_img/skelet_idle_anim_f1.png" />
		<Unit filename="assest_img/skelet_idle_anim_f2.png" />
		<Unit filename="assest_img/skelet_idle_anim_f3.png" />
		<Unit filename="assest_img/skelet_run_anim_f0.png" />
		<Unit filename="assest_img/skelet_run_anim_f1.png" />
		<Unit filename="assest_img/skelet_run_anim_f2.png" />
		<Unit filename="assest_img/skelet_run_anim_f3.png" />
		<Unit filename="assest_img/skull.png" />
		<Unit filename="assest_img/swampy_idle_anim_f0.png" />
		<Unit filename="assest_img/swampy_idle_anim_f1.png" />
		<Unit filename="assest_img/swampy_idle_anim_f2.png" />
		<Unit filename="assest_img/swampy_idle_anim_f3.png" />
		<Unit filename="assest_img/swampy_run_anim_f0.png" />
		<Unit filename="assest_img/swampy_run_anim_f1.png" />
		<Unit filename="assest_img/swampy_run_anim_f2.png" />
		<Unit filename="assest_img/swampy_run_anim_f3.png" />
		<Unit filename="assest_img/tiny_zombie_idle_anim_f0.png" />
		<Unit filename="assest_img/tiny_zombie_idle_anim_f1.png" />
		<Unit filename="assest_img/tiny_zombie_idle_anim_f2.png" />
		<Unit filename="assest_img/tiny_zombie_idle_anim_f3.png" />
		<Unit filename="assest_img/tiny_zombie_run_anim_f0.png" />
		<Unit filename="assest_img/tiny_zombie_run_anim_f1.png" />
		<Unit filename="assest_img/tiny_zombie_run_anim_f2.png" />
		<Unit filename="assest_img/tiny_zombie_run_anim_f3.png" />
		<Unit filename="assest_img/ui_heart_empty.png" />
		<Unit filename="assest_img/ui_heart_full.png" />
		<Unit filename="assest_img/ui_heart_half.png" />
		<Unit filename="assest_img/wall_banner_blue.png" />
		<Unit filename="assest_img/wall_banner_green.png" />
		<Unit filename="assest_img/wall_banner_red.png" />
		<Unit filename="assest_img/wall_banner_yellow.png" />
		<Unit filename="assest_img/wall_column_mid.png" />
		<Unit filename="assest_img/wall_column_top.png" />
		<Unit filename="assest_img/wall_corner_bottom_left.png" />
		<Unit filename="assest_img/wall_corner_bottom_right.png" />
		<Unit filename="assest_img/wall_corner_front_left.png" />
		<Unit filename="assest_img/wall_corner_front_right.png" />
		<Unit filename="assest_img/wall_corner_left.png" />
		<Unit filename="assest_img/wall_corner_right.png" />
		<Unit filename="assest_img/wall_corner_top_left.png" />
		<Unit filename="assest_img/wall_corner_top_right.png" />
		<Unit filename="assest_img/wall_coulmn_base.png" />
		<Unit filename="assest_img/wall_fountain_basin_blue_anim_f0.png" />
		<Unit filename="assest_img/wall_fountain_basin_blue_anim_f1.png" />
		<Unit filename="assest_img/wall_fountain_basin_blue_anim_f2.png" />
		<Unit filename="assest_img/wall_fountain_basin_red_anim_f0.png" />
		<Unit filename="assest_img/wall_fountain_basin_red_anim_f1.png" />
		<Unit filename="assest_img/wall_fountain_basin_red_anim_f2.png" />
		<Unit filename="assest_img/wall_fountain_mid_blue_anim_f0.png" />
		<Unit filename="assest_img/wall_fountain_mid_blue_anim_f1.png" />
		<Unit filename="assest_img/wall_fountain_mid_blue_anim_f2.png" />
		<Unit filename="assest_img/wall_fountain_mid_red_anim_f0.png" />
		<Unit filename="assest_img/wall_fountain_mid_red_anim_f1.png" />
		<Unit filename="assest_img/wall_fountain_mid_red_anim_f2.png" />
		<Unit filename="assest_img/wall_fountain_top.png" />
		<Unit filename="assest_img/wall_goo.png" />
		<Unit filename="assest_img/wall_goo_base.png" />
		<Unit filename="assest_img/wall_hole_1.png" />
		<Unit filename="assest_img/wall_hole_2.png" />
		<Unit filename="assest_img/wall_inner_corner_l_top_left.png" />
		<Unit filename="assest_img/wall_inner_corner_l_top_rigth.png" />
		<Unit filename="assest_img/wall_inner_corner_mid_left.png" />
		<Unit filename="assest_img/wall_inner_corner_mid_rigth.png" />
		<Unit filename="assest_img/wall_inner_corner_t_top_left.png" />
		<Unit filename="assest_img/wall_inner_corner_t_top_rigth.png" />
		<Unit filename="assest_img/wall_left.png" />
		<Unit filename="assest_img/wall_mid.png" />
		<Unit filename="assest_img/wall_right.png" />
		<Unit filename="assest_img/wall_side_front_left.png" />
		<Unit filename="assest_img/wall_side_front_right.png" />
		<Unit filename="assest_img/wall_side_mid_left.png" />
		<Unit filename="assest_img/wall_side_mid_right.png" />
		<Unit filename="assest_img/wall_side_top_left.png" />
		<Unit filename="assest_img/wall_side_top_right.png" />
		<Unit filename="assest_img/wall_top_left.png" />
		<Unit filename="assest_img/wall_top_mid.png" />
		<Unit filename="assest_img/wall_top_right.png" />
		<Unit filename="assest_img/weapon_anime_sword.png" />
		<Unit filename="assest_img/weapon_axe.png" />
		<Unit filename="assest_img/weapon_baton_with_spikes.png" />
		<Unit filename="assest_img/weapon_big_hammer.png" />
		<Unit filename="assest_img/weapon_cleaver.png" />
		<Unit filename="assest_img/weapon_duel_sword.png" />
		<Unit filename="assest_img/weapon_golden_sword.png" />
		<Unit filename="assest_img/weapon_green_magic_staff.png" />
		<Unit filename="assest_img/weapon_hammer.png" />
		<Unit filename="assest_img/weapon_katana.png" />
		<Unit filename="assest_img/weapon_knife.png" />
		<Unit filename="assest_img/weapon_knight_sword.png" />
		<Unit filename="assest_img/weapon_lavish_sword.png" />
		<Unit filename="assest_img/weapon_mace.png" />
		<Unit filename="assest_img/weapon_machete.png" />
		<Unit filename="assest_img/weapon_red_gem_sword.png" />
		<Unit filename="assest_img/weapon_red_magic_staff.png" />
		<Unit filename="assest_img/weapon_regular_sword.png" />
		<Unit filename="assest_img/weapon_rusty_sword.png" />
		<Unit filename="assest_img/weapon_saw_sword.png" />
		<Unit filename="assest_img/weapon_spear.png" />
		<Unit filename="assest_img/wizzard_f_hit_anim_f0.png" />
		<Unit filename="assest_img/wizzard_f_idle_anim_f0.png" />
		<Unit filename="assest_img/wizzard_f_idle_anim_f1.png" />
		<Unit filename="assest_img/wizzard_f_idle_anim_f2.png" />
		<Unit filename="assest_img/wizzard_f_idle_anim_f3.png" />
		<Unit filename="assest_img/wizzard_f_run_anim_f0.png" />
		<Unit filename="assest_img/wizzard_f_run_anim_f1.png" />
		<Unit filename="assest_img/wizzard_f_run_anim_f2.png" />
		<Unit filename="assest_img/wizzard_f_run_anim_f3.png" />
		<Unit filename="assest_img/wizzard_m_hit_anim_f0.png" />
		<Unit filename="assest_img/wizzard_m_idle_anim_f0.png" />
		<Unit filename="assest_img/wizzard_m_idle_anim_f1.png" />
		<Unit filename="assest_img/wizzard_m_idle_anim_f2.png" />
		<Unit filename="assest_img/wizzard_m_idle_anim_f3.png" />
		<Unit filename="assest_img/wizzard_m_run_anim_f0.png" />
		<Unit filename="assest_img/wizzard_m_run_anim_f1.png" />
		<Unit filename="assest_img/wizzard_m_run_anim_f2.png" />
		<Unit filename="assest_img/wizzard_m_run_anim_f3.png" />
		<Unit filename="assest_img/wogol_idle_anim_f0.png" />
		<Unit filename="assest_img/wogol_idle_anim_f1.png" />
		<Unit filename="assest_img/wogol_idle_anim_f2.png" />
		<Unit filename="assest_img/wogol_idle_anim_f3.png" />
		<Unit filename="assest_img/wogol_run_anim_f0.png" />
		<Unit filename="assest_img/wogol_run_anim_f1.png" />
		<Unit filename="assest_img/wogol_run_anim_f2.png" />
		<Unit filename="assest_img/wogol_run_anim_f3.png" />
		<Unit filename="assest_img/zombie_idle_anim_f0.png" />
		<Unit filename="assest_img/zombie_idle_anim_f1.png" />
		<Unit filename="assest_img/zombie_idle_anim_f2.png" />
		<Unit filename="assest_img/zombie_idle_anim_f3.png" />
		<Unit filename="assest_img/zombie_run_anim_f0.png" />
		<Unit filename="assest_img/zombie_run_anim_f1.png" />
		<Unit filename="assest_img/zombie_run_anim_f2.png" />
		<Unit filename="assest_img/zombie_run_anim_f3.png" />
		<Unit filename="main.cpp" />
		<Unit filename="vector2D.cpp" />
		<Extensions>
			<code_completion />
			<envvars />
			<debugger />
			<lib_finder disable_auto="1" />
		</Extensions>
	</Project>
</CodeBlocks_project_file>
